
Microsoft Visual Studio Solution File, Format Version 12.00
# Visual Studio 2012
Project("{FAE04EC0-301F-11D3-BF4B-00C04F79EFBC}") = "Domain", "Domain\Domain.csproj", "{B543BDE0-13B5-4A71-8BAA-0A58ADEB6783}"
EndProject
Project("{FAE04EC0-301F-11D3-BF4B-00C04F79EFBC}") = "Infrastructure", "Infrastructure\Infrastructure.csproj", "{4716A528-B9AB-4811-B7DC-489468683928}"
EndProject
Project("{FAE04EC0-301F-11D3-BF4B-00C04F79EFBC}") = "UI", "UI\UI.csproj", "{D208566B-C00E-4E56-90FE-221A1078B61F}"
EndProject
Global
	GlobalSection(SolutionConfigurationPlatforms) = preSolution
		Debug|Any CPU = Debug|Any CPU
		Debug|ARM = Debug|ARM
		Debug|x64 = Debug|x64
		Debug|x86 = Debug|x86
		Release|Any CPU = Release|Any CPU
		Release|ARM = Release|ARM
		Release|x64 = Release|x64
		Release|x86 = Release|x86
	EndGlobalSection
	GlobalSection(ProjectConfigurationPlatforms) = postSolution
		{B543BDE0-13B5-4A71-8BAA-0A58ADEB6783}.Debug|Any CPU.ActiveCfg = Debug|Any CPU
		{B543BDE0-13B5-4A71-8BAA-0A58ADEB6783}.Debug|Any CPU.Build.0 = Debug|Any CPU
		{B543BDE0-13B5-4A71-8BAA-0A58ADEB6783}.Debug|ARM.ActiveCfg = Debug|ARM
		{B543BDE0-13B5-4A71-8BAA-0A58ADEB6783}.Debug|ARM.Build.0 = Debug|ARM
		{B543BDE0-13B5-4A71-8BAA-0A58ADEB6783}.Debug|x64.ActiveCfg = Debug|x64
		{B543BDE0-13B5-4A71-8BAA-0A58ADEB6783}.Debug|x64.Build.0 = Debug|x64
		{B543BDE0-13B5-4A71-8BAA-0A58ADEB6783}.Debug|x86.ActiveCfg = Debug|x86
		{B543BDE0-13B5-4A71-8BAA-0A58ADEB6783}.Debug|x86.Build.0 = Debug|x86
		{B543BDE0-13B5-4A71-8BAA-0A58ADEB6783}.Release|Any CPU.ActiveCfg = Release|Any CPU
		{B543BDE0-13B5-4A71-8BAA-0A58ADEB6783}.Release|Any CPU.Build.0 = Release|Any CPU
		{B543BDE0-13B5-4A71-8BAA-0A58ADEB6783}.Release|ARM.ActiveCfg = Release|ARM
		{B543BDE0-13B5-4A71-8BAA-0A58ADEB6783}.Release|ARM.Build.0 = Release|ARM
		{B543BDE0-13B5-4A71-8BAA-0A58ADEB6783}.Release|x64.ActiveCfg = Release|x64
		{B543BDE0-13B5-4A71-8BAA-0A58ADEB6783}.Release|x64.Build.0 = Release|x64
		{B543BDE0-13B5-4A71-8BAA-0A58ADEB6783}.Release|x86.ActiveCfg = Release|x86
		{B543BDE0-13B5-4A71-8BAA-0A58ADEB6783}.Release|x86.Build.0 = Release|x86
		{4716A528-B9AB-4811-B7DC-489468683928}.Debug|Any CPU.ActiveCfg = Debug|Any CPU
		{4716A528-B9AB-4811-B7DC-489468683928}.Debug|Any CPU.Build.0 = Debug|Any CPU
		{4716A528-B9AB-4811-B7DC-489468683928}.Debug|ARM.ActiveCfg = Debug|ARM
		{4716A528-B9AB-4811-B7DC-489468683928}.Debug|ARM.Build.0 = Debug|ARM
		{4716A528-B9AB-4811-B7DC-489468683928}.Debug|x64.ActiveCfg = Debug|x64
		{4716A528-B9AB-4811-B7DC-489468683928}.Debug|x64.Build.0 = Debug|x64
		{4716A528-B9AB-4811-B7DC-489468683928}.Debug|x86.ActiveCfg = Debug|x86
		{4716A528-B9AB-4811-B7DC-489468683928}.Debug|x86.Build.0 = Debug|x86
		{4716A528-B9AB-4811-B7DC-489468683928}.Release|Any CPU.ActiveCfg = Release|Any CPU
		{4716A528-B9AB-4811-B7DC-489468683928}.Release|Any CPU.Build.0 = Release|Any CPU
		{4716A528-B9AB-4811-B7DC-489468683928}.Release|ARM.ActiveCfg = Release|ARM
		{4716A528-B9AB-4811-B7DC-489468683928}.Release|ARM.Build.0 = Release|ARM
		{4716A528-B9AB-4811-B7DC-489468683928}.Release|x64.ActiveCfg = Release|x64
		{4716A528-B9AB-4811-B7DC-489468683928}.Release|x64.Build.0 = Release|x64
		{4716A528-B9AB-4811-B7DC-489468683928}.Release|x86.ActiveCfg = Release|x86
		{4716A528-B9AB-4811-B7DC-489468683928}.Release|x86.Build.0 = Release|x86
		{D208566B-C00E-4E56-90FE-221A1078B61F}.Debug|Any CPU.ActiveCfg = Debug|Any CPU
		{D208566B-C00E-4E56-90FE-221A1078B61F}.Debug|Any CPU.Build.0 = Debug|Any CPU
		{D208566B-C00E-4E56-90FE-221A1078B61F}.Debug|Any CPU.Deploy.0 = Debug|Any CPU
		{D208566B-C00E-4E56-90FE-221A1078B61F}.Debug|ARM.ActiveCfg = Debug|ARM
		{D208566B-C00E-4E56-90FE-221A1078B61F}.Debug|ARM.Build.0 = Debug|ARM
		{D208566B-C00E-4E56-90FE-221A1078B61F}.Debug|ARM.Deploy.0 = Debug|ARM
		{D208566B-C00E-4E56-90FE-221A1078B61F}.Debug|x64.ActiveCfg = Debug|x64
		{D208566B-C00E-4E56-90FE-221A1078B61F}.Debug|x64.Build.0 = Debug|x64
		{D208566B-C00E-4E56-90FE-221A1078B61F}.Debug|x64.Deploy.0 = Debug|x64
		{D208566B-C00E-4E56-90FE-221A1078B61F}.Debug|x86.ActiveCfg = Debug|x86
		{D208566B-C00E-4E56-90FE-221A1078B61F}.Debug|x86.Build.0 = Debug|x86
		{D208566B-C00E-4E56-90FE-221A1078B61F}.Debug|x86.Deploy.0 = Debug|x86
		{D208566B-C00E-4E56-90FE-221A1078B61F}.Release|Any CPU.ActiveCfg = Release|Any CPU
		{D208566B-C00E-4E56-90FE-221A1078B61F}.Release|Any CPU.Build.0 = Release|Any CPU
		{D208566B-C00E-4E56-90FE-221A1078B61F}.Release|Any CPU.Deploy.0 = Release|Any CPU
		{D208566B-C00E-4E56-90FE-221A1078B61F}.Release|ARM.ActiveCfg = Release|ARM
		{D208566B-C00E-4E56-90FE-221A1078B61F}.Release|ARM.Build.0 = Release|ARM
		{D208566B-C00E-4E56-90FE-221A1078B61F}.Release|ARM.Deploy.0 = Release|ARM
		{D208566B-C00E-4E56-90FE-221A1078B61F}.Release|x64.ActiveCfg = Release|x64
		{D208566B-C00E-4E56-90FE-221A1078B61F}.Release|x64.Build.0 = Release|x64
		{D208566B-C00E-4E56-90FE-221A1078B61F}.Release|x64.Deploy.0 = Release|x64
		{D208566B-C00E-4E56-90FE-221A1078B61F}.Release|x86.ActiveCfg = Release|x86
		{D208566B-C00E-4E56-90FE-221A1078B61F}.Release|x86.Build.0 = Release|x86
		{D208566B-C00E-4E56-90FE-221A1078B61F}.Release|x86.Deploy.0 = Release|x86
	EndGlobalSection
	GlobalSection(SolutionProperties) = preSolution
		HideSolutionNode = FALSE
	EndGlobalSection
EndGlobal
